
Microsoft Visual Studio Solution File, Format Version 12.00
# Visual Studio 15
VisualStudioVersion = 15.0.26730.16
MinimumVisualStudioVersion = 10.0.40219.1
Project("{FAE04EC0-301F-11D3-BF4B-00C04F79EFBC}") = "RoutableDto.Interfaces", "RoutableDto.Interfaces\RoutableDto.Interfaces.csproj", "{D5C1CD53-7EA5-4343-992C-68F4B05A0FEA}"
EndProject
Project("{FAE04EC0-301F-11D3-BF4B-00C04F79EFBC}") = "RoutableDto.WebApi", "RoutableDto.WebApi\RoutableDto.WebApi.csproj", "{5F6B8EC0-ABED-4C74-9703-AB2F8209DF58}"
EndProject
Project("{FAE04EC0-301F-11D3-BF4B-00C04F79EFBC}") = "RoutableDto.Public", "RoutableDto.Public\RoutableDto.Public.csproj", "{1206A46F-2583-4727-A025-123B4F65859F}"
EndProject
Project("{FAE04EC0-301F-11D3-BF4B-00C04F79EFBC}") = "RoutableDto.Handlers", "RoutableDto.Handlers\RoutableDto.Handlers.csproj", "{1E7E1223-C6C9-4548-A30E-277D63C3A69E}"
EndProject
Project("{FAE04EC0-301F-11D3-BF4B-00C04F79EFBC}") = "RoutableDto.Extensions", "RoutableDto.Extensions\RoutableDto.Extensions.csproj", "{80A14FD3-1ABD-48AF-933E-370FD7F421AC}"
EndProject
Project("{FAE04EC0-301F-11D3-BF4B-00C04F79EFBC}") = "RoutableDto.Client", "RoutableDto.Client\RoutableDto.Client.csproj", "{3F05023F-A9BD-488F-8EF1-38E12691DA5C}"
EndProject
Project("{FAE04EC0-301F-11D3-BF4B-00C04F79EFBC}") = "TestConsole", "TestConsole\TestConsole.csproj", "{C0AB2E41-37B4-42BB-9694-3C029904EA4B}"
EndProject
Global
	GlobalSection(SolutionConfigurationPlatforms) = preSolution
		Debug|Any CPU = Debug|Any CPU
		Release|Any CPU = Release|Any CPU
	EndGlobalSection
	GlobalSection(ProjectConfigurationPlatforms) = postSolution
		{D5C1CD53-7EA5-4343-992C-68F4B05A0FEA}.Debug|Any CPU.ActiveCfg = Debug|Any CPU
		{D5C1CD53-7EA5-4343-992C-68F4B05A0FEA}.Debug|Any CPU.Build.0 = Debug|Any CPU
		{D5C1CD53-7EA5-4343-992C-68F4B05A0FEA}.Release|Any CPU.ActiveCfg = Release|Any CPU
		{D5C1CD53-7EA5-4343-992C-68F4B05A0FEA}.Release|Any CPU.Build.0 = Release|Any CPU
		{5F6B8EC0-ABED-4C74-9703-AB2F8209DF58}.Debug|Any CPU.ActiveCfg = Debug|Any CPU
		{5F6B8EC0-ABED-4C74-9703-AB2F8209DF58}.Debug|Any CPU.Build.0 = Debug|Any CPU
		{5F6B8EC0-ABED-4C74-9703-AB2F8209DF58}.Release|Any CPU.ActiveCfg = Release|Any CPU
		{5F6B8EC0-ABED-4C74-9703-AB2F8209DF58}.Release|Any CPU.Build.0 = Release|Any CPU
		{1206A46F-2583-4727-A025-123B4F65859F}.Debug|Any CPU.ActiveCfg = Debug|Any CPU
		{1206A46F-2583-4727-A025-123B4F65859F}.Debug|Any CPU.Build.0 = Debug|Any CPU
		{1206A46F-2583-4727-A025-123B4F65859F}.Release|Any CPU.ActiveCfg = Release|Any CPU
		{1206A46F-2583-4727-A025-123B4F65859F}.Release|Any CPU.Build.0 = Release|Any CPU
		{1E7E1223-C6C9-4548-A30E-277D63C3A69E}.Debug|Any CPU.ActiveCfg = Debug|Any CPU
		{1E7E1223-C6C9-4548-A30E-277D63C3A69E}.Debug|Any CPU.Build.0 = Debug|Any CPU
		{1E7E1223-C6C9-4548-A30E-277D63C3A69E}.Release|Any CPU.ActiveCfg = Release|Any CPU
		{1E7E1223-C6C9-4548-A30E-277D63C3A69E}.Release|Any CPU.Build.0 = Release|Any CPU
		{80A14FD3-1ABD-48AF-933E-370FD7F421AC}.Debug|Any CPU.ActiveCfg = Debug|Any CPU
		{80A14FD3-1ABD-48AF-933E-370FD7F421AC}.Debug|Any CPU.Build.0 = Debug|Any CPU
		{80A14FD3-1ABD-48AF-933E-370FD7F421AC}.Release|Any CPU.ActiveCfg = Release|Any CPU
		{80A14FD3-1ABD-48AF-933E-370FD7F421AC}.Release|Any CPU.Build.0 = Release|Any CPU
		{3F05023F-A9BD-488F-8EF1-38E12691DA5C}.Debug|Any CPU.ActiveCfg = Debug|Any CPU
		{3F05023F-A9BD-488F-8EF1-38E12691DA5C}.Debug|Any CPU.Build.0 = Debug|Any CPU
		{3F05023F-A9BD-488F-8EF1-38E12691DA5C}.Release|Any CPU.ActiveCfg = Release|Any CPU
		{3F05023F-A9BD-488F-8EF1-38E12691DA5C}.Release|Any CPU.Build.0 = Release|Any CPU
		{C0AB2E41-37B4-42BB-9694-3C029904EA4B}.Debug|Any CPU.ActiveCfg = Debug|Any CPU
		{C0AB2E41-37B4-42BB-9694-3C029904EA4B}.Debug|Any CPU.Build.0 = Debug|Any CPU
		{C0AB2E41-37B4-42BB-9694-3C029904EA4B}.Release|Any CPU.ActiveCfg = Release|Any CPU
		{C0AB2E41-37B4-42BB-9694-3C029904EA4B}.Release|Any CPU.Build.0 = Release|Any CPU
	EndGlobalSection
	GlobalSection(SolutionProperties) = preSolution
		HideSolutionNode = FALSE
	EndGlobalSection
	GlobalSection(ExtensibilityGlobals) = postSolution
		SolutionGuid = {66AD2EEA-3113-4D78-9A51-F50B84CB1E20}
	EndGlobalSection
EndGlobal
